
Microsoft Visual Studio Solution File, Format Version 12.00
# Visual Studio Version 16
VisualStudioVersion = 16.0.810.11
MinimumVisualStudioVersion = 10.0.40219.1
Project("{FAE04EC0-301F-11D3-BF4B-00C04F79EFBC}") = "LendCash", "LendCash\LendCash.csproj", "{4F6E5CFF-FE4D-499E-85DE-1FB829B1043D}"
EndProject
Global
	GlobalSection(SolutionConfigurationPlatforms) = preSolution
		Debug|Any CPU = Debug|Any CPU
		Release|Any CPU = Release|Any CPU
	EndGlobalSection
	GlobalSection(ProjectConfigurationPlatforms) = postSolution
		{4F6E5CFF-FE4D-499E-85DE-1FB829B1043D}.Debug|Any CPU.ActiveCfg = Debug|Any CPU
		{4F6E5CFF-FE4D-499E-85DE-1FB829B1043D}.Debug|Any CPU.Build.0 = Debug|Any CPU
		{4F6E5CFF-FE4D-499E-85DE-1FB829B1043D}.Release|Any CPU.ActiveCfg = Release|Any CPU
		{4F6E5CFF-FE4D-499E-85DE-1FB829B1043D}.Release|Any CPU.Build.0 = Release|Any CPU
	EndGlobalSection
	GlobalSection(SolutionProperties) = preSolution
		HideSolutionNode = FALSE
	EndGlobalSection
	GlobalSection(ExtensibilityGlobals) = postSolution
		SolutionGuid = {C1F87970-B668-497C-A1AB-3D23C0676483}
	EndGlobalSection
EndGlobal
